
Microsoft Visual Studio Solution File, Format Version 12.00
# Visual Studio Version 17
VisualStudioVersion = 17.0.31903.59
MinimumVisualStudioVersion = 10.0.40219.1
Project("{FAE04EC0-301F-11D3-BF4B-00C04F79EFBC}") = "EcommerceApi.Api", "EcommerceApi.Api\EcommerceApi.Api.csproj", "{0E05AE2D-A31A-45FE-94AC-F3B5E51C9A57}"
EndProject
Project("{FAE04EC0-301F-11D3-BF4B-00C04F79EFBC}") = "EcommerceApi.Core", "EcommerceApi.Core\EcommerceApi.Core.csproj", "{6566A882-A1C9-40DD-9E87-689A06B3A47C}"
EndProject
Project("{FAE04EC0-301F-11D3-BF4B-00C04F79EFBC}") = "EcommerceApi.Application", "EcommerceApi.Application\EcommerceApi.Application.csproj", "{435EB811-543A-486A-B52B-BCEE9FF98215}"
EndProject
Project("{FAE04EC0-301F-11D3-BF4B-00C04F79EFBC}") = "EcommerceApi.Infrastructure", "EcommerceApi.Infrastructure\EcommerceApi.Infrastructure.csproj", "{68B66145-312A-415E-A8A7-F4EA70A71700}"
EndProject
Global
	GlobalSection(SolutionConfigurationPlatforms) = preSolution
		Debug|Any CPU = Debug|Any CPU
		Release|Any CPU = Release|Any CPU
	EndGlobalSection
	GlobalSection(SolutionProperties) = preSolution
		HideSolutionNode = FALSE
	EndGlobalSection
	GlobalSection(ProjectConfigurationPlatforms) = postSolution
		{0E05AE2D-A31A-45FE-94AC-F3B5E51C9A57}.Debug|Any CPU.ActiveCfg = Debug|Any CPU
		{0E05AE2D-A31A-45FE-94AC-F3B5E51C9A57}.Debug|Any CPU.Build.0 = Debug|Any CPU
		{0E05AE2D-A31A-45FE-94AC-F3B5E51C9A57}.Release|Any CPU.ActiveCfg = Release|Any CPU
		{0E05AE2D-A31A-45FE-94AC-F3B5E51C9A57}.Release|Any CPU.Build.0 = Release|Any CPU
		{6566A882-A1C9-40DD-9E87-689A06B3A47C}.Debug|Any CPU.ActiveCfg = Debug|Any CPU
		{6566A882-A1C9-40DD-9E87-689A06B3A47C}.Debug|Any CPU.Build.0 = Debug|Any CPU
		{6566A882-A1C9-40DD-9E87-689A06B3A47C}.Release|Any CPU.ActiveCfg = Release|Any CPU
		{6566A882-A1C9-40DD-9E87-689A06B3A47C}.Release|Any CPU.Build.0 = Release|Any CPU
		{435EB811-543A-486A-B52B-BCEE9FF98215}.Debug|Any CPU.ActiveCfg = Debug|Any CPU
		{435EB811-543A-486A-B52B-BCEE9FF98215}.Debug|Any CPU.Build.0 = Debug|Any CPU
		{435EB811-543A-486A-B52B-BCEE9FF98215}.Release|Any CPU.ActiveCfg = Release|Any CPU
		{435EB811-543A-486A-B52B-BCEE9FF98215}.Release|Any CPU.Build.0 = Release|Any CPU
		{68B66145-312A-415E-A8A7-F4EA70A71700}.Debug|Any CPU.ActiveCfg = Debug|Any CPU
		{68B66145-312A-415E-A8A7-F4EA70A71700}.Debug|Any CPU.Build.0 = Debug|Any CPU
		{68B66145-312A-415E-A8A7-F4EA70A71700}.Release|Any CPU.ActiveCfg = Release|Any CPU
		{68B66145-312A-415E-A8A7-F4EA70A71700}.Release|Any CPU.Build.0 = Release|Any CPU
	EndGlobalSection
EndGlobal
